// !$*UTF8*$!
{
	archiveVersion = 1;
	classes = {
	};
	objectVersion = 48;
	objects = {

/* Begin PBXBuildFile section */
		CDBBF94520800AEE00836135 /* AppDelegate.m in Sources */ = {isa = PBXBuildFile; fileRef = CDBBF94420800AEE00836135 /* AppDelegate.m */; };
		CDBBF94820800AEE00836135 /* ViewController.m in Sources */ = {isa = PBXBuildFile; fileRef = CDBBF94720800AEE00836135 /* ViewController.m */; };
		CDBBF94B20800AEE00836135 /* Main.storyboard in Resources */ = {isa = PBXBuildFile; fileRef = CDBBF94920800AEE00836135 /* Main.storyboard */; };
		CDBBF94D20800AEE00836135 /* Assets.xcassets in Resources */ = {isa = PBXBuildFile; fileRef = CDBBF94C20800AEE00836135 /* Assets.xcassets */; };
		CDBBF95020800AEE00836135 /* LaunchScreen.storyboard in Resources */ = {isa = PBXBuildFile; fileRef = CDBBF94E20800AEE00836135 /* LaunchScreen.storyboard */; };
		CDBBF95320800AEE00836135 /* main.m in Sources */ = {isa = PBXBuildFile; fileRef = CDBBF95220800AEE00836135 /* main.m */; };
		CDBBF95F20800BBE00836135 /* PhotosCollectionViewController.m in Sources */ = {isa = PBXBuildFile; fileRef = CDBBF95D20800BBE00836135 /* PhotosCollectionViewController.m */; };
		CDBBF96020800BBE00836135 /* PhotosCollectionViewController.xib in Resources */ = {isa = PBXBuildFile; fileRef = CDBBF95E20800BBE00836135 /* PhotosCollectionViewController.xib */; };
		CDBBF96520801D5300836135 /* PhotosCollectionViewCell.m in Sources */ = {isa = PBXBuildFile; fileRef = CDBBF96320801D5300836135 /* PhotosCollectionViewCell.m */; };
		CDBBF96620801D5300836135 /* PhotosCollectionViewCell.xib in Resources */ = {isa = PBXBuildFile; fileRef = CDBBF96420801D5300836135 /* PhotosCollectionViewCell.xib */; };
		CDCB148B208156AB00A060D4 /* Album.m in Sources */ = {isa = PBXBuildFile; fileRef = CDCB148A208156AB00A060D4 /* Album.m */; };
		CDCB148F208156FA00A060D4 /* Service.m in Sources */ = {isa = PBXBuildFile; fileRef = CDCB148E208156FA00A060D4 /* Service.m */; };
		CDCB14922083D86D00A060D4 /* CachedImageView.m in Sources */ = {isa = PBXBuildFile; fileRef = CDCB14912083D86D00A060D4 /* CachedImageView.m */; };
		CDCB149620848CB500A060D4 /* PhotoViewController.m in Sources */ = {isa = PBXBuildFile; fileRef = CDCB149420848CB500A060D4 /* PhotoViewController.m */; };
		CDCB149720848CB500A060D4 /* PhotoViewController.xib in Resources */ = {isa = PBXBuildFile; fileRef = CDCB149520848CB500A060D4 /* PhotoViewController.xib */; };
/* End PBXBuildFile section */

/* Begin PBXFileReference section */
		CDBBF94020800AEE00836135 /* PhotosApp.app */ = {isa = PBXFileReference; explicitFileType = wrapper.application; includeInIndex = 0; path = PhotosApp.app; sourceTree = BUILT_PRODUCTS_DIR; };
		CDBBF94320800AEE00836135 /* AppDelegate.h */ = {isa = PBXFileReference; lastKnownFileType = sourcecode.c.h; path = AppDelegate.h; sourceTree = "<group>"; };
		CDBBF94420800AEE00836135 /* AppDelegate.m */ = {isa = PBXFileReference; lastKnownFileType = sourcecode.c.objc; path = AppDelegate.m; sourceTree = "<group>"; };
		CDBBF94620800AEE00836135 /* ViewController.h */ = {isa = PBXFileReference; lastKnownFileType = sourcecode.c.h; path = ViewController.h; sourceTree = "<group>"; };
		CDBBF94720800AEE00836135 /* ViewController.m */ = {isa = PBXFileReference; lastKnownFileType = sourcecode.c.objc; path = ViewController.m; sourceTree = "<group>"; };
		CDBBF94A20800AEE00836135 /* Base */ = {isa = PBXFileReference; lastKnownFileType = file.storyboard; name = Base; path = Base.lproj/Main.storyboard; sourceTree = "<group>"; };
		CDBBF94C20800AEE00836135 /* Assets.xcassets */ = {isa = PBXFileReference; lastKnownFileType = folder.assetcatalog; path = Assets.xcassets; sourceTree = "<group>"; };
		CDBBF94F20800AEE00836135 /* Base */ = {isa = PBXFileReference; lastKnownFileType = file.storyboard; name = Base; path = Base.lproj/LaunchScreen.storyboard; sourceTree = "<group>"; };
		CDBBF95120800AEE00836135 /* Info.plist */ = {isa = PBXFileReference; lastKnownFileType = text.plist.xml; path = Info.plist; sourceTree = "<group>"; };
		CDBBF95220800AEE00836135 /* main.m */ = {isa = PBXFileReference; lastKnownFileType = sourcecode.c.objc; path = main.m; sourceTree = "<group>"; };
		CDBBF95C20800BBE00836135 /* PhotosCollectionViewController.h */ = {isa = PBXFileReference; lastKnownFileType = sourcecode.c.h; path = PhotosCollectionViewController.h; sourceTree = "<group>"; };
		CDBBF95D20800BBE00836135 /* PhotosCollectionViewController.m */ = {isa = PBXFileReference; lastKnownFileType = sourcecode.c.objc; path = PhotosCollectionViewController.m; sourceTree = "<group>"; };
		CDBBF95E20800BBE00836135 /* PhotosCollectionViewController.xib */ = {isa = PBXFileReference; lastKnownFileType = file.xib; path = PhotosCollectionViewController.xib; sourceTree = "<group>"; };
		CDBBF96220801D5300836135 /* PhotosCollectionViewCell.h */ = {isa = PBXFileReference; lastKnownFileType = sourcecode.c.h; path = PhotosCollectionViewCell.h; sourceTree = "<group>"; };
		CDBBF96320801D5300836135 /* PhotosCollectionViewCell.m */ = {isa = PBXFileReference; lastKnownFileType = sourcecode.c.objc; path = PhotosCollectionViewCell.m; sourceTree = "<group>"; };
		CDBBF96420801D5300836135 /* PhotosCollectionViewCell.xib */ = {isa = PBXFileReference; lastKnownFileType = file.xib; path = PhotosCollectionViewCell.xib; sourceTree = "<group>"; };
		CDCB1489208156AB00A060D4 /* Album.h */ = {isa = PBXFileReference; lastKnownFileType = sourcecode.c.h; path = Album.h; sourceTree = "<group>"; };
		CDCB148A208156AB00A060D4 /* Album.m */ = {isa = PBXFileReference; lastKnownFileType = sourcecode.c.objc; path = Album.m; sourceTree = "<group>"; };
		CDCB148D208156FA00A060D4 /* Service.h */ = {isa = PBXFileReference; lastKnownFileType = sourcecode.c.h; path = Service.h; sourceTree = "<group>"; };
		CDCB148E208156FA00A060D4 /* Service.m */ = {isa = PBXFileReference; lastKnownFileType = sourcecode.c.objc; path = Service.m; sourceTree = "<group>"; };
		CDCB14902083D86D00A060D4 /* CachedImageView.h */ = {isa = PBXFileReference; lastKnownFileType = sourcecode.c.h; path = CachedImageView.h; sourceTree = "<group>"; };
		CDCB14912083D86D00A060D4 /* CachedImageView.m */ = {isa = PBXFileReference; lastKnownFileType = sourcecode.c.objc; path = CachedImageView.m; sourceTree = "<group>"; };
		CDCB149320848CB500A060D4 /* PhotoViewController.h */ = {isa = PBXFileReference; lastKnownFileType = sourcecode.c.h; path = PhotoViewController.h; sourceTree = "<group>"; };
		CDCB149420848CB500A060D4 /* PhotoViewController.m */ = {isa = PBXFileReference; lastKnownFileType = sourcecode.c.objc; path = PhotoViewController.m; sourceTree = "<group>"; };
		CDCB149520848CB500A060D4 /* PhotoViewController.xib */ = {isa = PBXFileReference; lastKnownFileType = file.xib; path = PhotoViewController.xib; sourceTree = "<group>"; };
/* End PBXFileReference section */

/* Begin PBXFrameworksBuildPhase section */
		CDBBF93D20800AEE00836135 /* Frameworks */ = {
			isa = PBXFrameworksBuildPhase;
			buildActionMask = 2147483647;
			files = (
			);
			runOnlyForDeploymentPostprocessing = 0;
		};
/* End PBXFrameworksBuildPhase section */

/* Begin PBXGroup section */
		CDBBF93720800AEE00836135 = {
			isa = PBXGroup;
			children = (
				CDBBF94220800AEE00836135 /* PhotosApp */,
				CDBBF94120800AEE00836135 /* Products */,
			);
			sourceTree = "<group>";
		};
		CDBBF94120800AEE00836135 /* Products */ = {
			isa = PBXGroup;
			children = (
				CDBBF94020800AEE00836135 /* PhotosApp.app */,
			);
			name = Products;
			sourceTree = "<group>";
		};
		CDBBF94220800AEE00836135 /* PhotosApp */ = {
			isa = PBXGroup;
			children = (
				CDCB14872081568800A060D4 /* Model */,
				CDBBF96120801D1D00836135 /* View */,
				CDBBF95B20800B5C00836135 /* Controller */,
				CDBBF94320800AEE00836135 /* AppDelegate.h */,
				CDBBF94420800AEE00836135 /* AppDelegate.m */,
				CDBBF94620800AEE00836135 /* ViewController.h */,
				CDBBF94720800AEE00836135 /* ViewController.m */,
				CDBBF94920800AEE00836135 /* Main.storyboard */,
				CDBBF94C20800AEE00836135 /* Assets.xcassets */,
				CDBBF94E20800AEE00836135 /* LaunchScreen.storyboard */,
				CDBBF95120800AEE00836135 /* Info.plist */,
				CDBBF95220800AEE00836135 /* main.m */,
			);
			path = PhotosApp;
			sourceTree = "<group>";
		};
		CDBBF95B20800B5C00836135 /* Controller */ = {
			isa = PBXGroup;
			children = (
				CDBBF95C20800BBE00836135 /* PhotosCollectionViewController.h */,
				CDBBF95D20800BBE00836135 /* PhotosCollectionViewController.m */,
				CDBBF95E20800BBE00836135 /* PhotosCollectionViewController.xib */,
				CDCB149320848CB500A060D4 /* PhotoViewController.h */,
				CDCB149420848CB500A060D4 /* PhotoViewController.m */,
				CDCB149520848CB500A060D4 /* PhotoViewController.xib */,
			);
			path = Controller;
			sourceTree = "<group>";
		};
		CDBBF96120801D1D00836135 /* View */ = {
			isa = PBXGroup;
			children = (
				CDBBF96220801D5300836135 /* PhotosCollectionViewCell.h */,
				CDBBF96320801D5300836135 /* PhotosCollectionViewCell.m */,
				CDBBF96420801D5300836135 /* PhotosCollectionViewCell.xib */,
				CDCB14902083D86D00A060D4 /* CachedImageView.h */,
				CDCB14912083D86D00A060D4 /* CachedImageView.m */,
			);
			path = View;
			sourceTree = "<group>";
		};
		CDCB14872081568800A060D4 /* Model */ = {
			isa = PBXGroup;
			children = (
				CDCB1489208156AB00A060D4 /* Album.h */,
				CDCB148A208156AB00A060D4 /* Album.m */,
				CDCB148D208156FA00A060D4 /* Service.h */,
				CDCB148E208156FA00A060D4 /* Service.m */,
			);
			path = Model;
			sourceTree = "<group>";
		};
/* End PBXGroup section */

/* Begin PBXNativeTarget section */
		CDBBF93F20800AEE00836135 /* PhotosApp */ = {
			isa = PBXNativeTarget;
			buildConfigurationList = CDBBF95620800AEE00836135 /* Build configuration list for PBXNativeTarget "PhotosApp" */;
			buildPhases = (
				CDBBF93C20800AEE00836135 /* Sources */,
				CDBBF93D20800AEE00836135 /* Frameworks */,
				CDBBF93E20800AEE00836135 /* Resources */,
			);
			buildRules = (
			);
			dependencies = (
			);
			name = PhotosApp;
			productName = PhotosApp;
			productReference = CDBBF94020800AEE00836135 /* PhotosApp.app */;
			productType = "com.apple.product-type.application";
		};
/* End PBXNativeTarget section */

/* Begin PBXProject section */
		CDBBF93820800AEE00836135 /* Project object */ = {
			isa = PBXProject;
			attributes = {
				LastUpgradeCheck = 0920;
				ORGANIZATIONNAME = "Erick Manrique";
				TargetAttributes = {
					CDBBF93F20800AEE00836135 = {
						CreatedOnToolsVersion = 9.2;
						ProvisioningStyle = Automatic;
					};
				};
			};
			buildConfigurationList = CDBBF93B20800AEE00836135 /* Build configuration list for PBXProject "PhotosApp" */;
			compatibilityVersion = "Xcode 8.0";
			developmentRegion = en;
			hasScannedForEncodings = 0;
			knownRegions = (
				en,
				Base,
			);
			mainGroup = CDBBF93720800AEE00836135;
			productRefGroup = CDBBF94120800AEE00836135 /* Products */;
			projectDirPath = "";
			projectRoot = "";
			targets = (
				CDBBF93F20800AEE00836135 /* PhotosApp */,
			);
		};
/* End PBXProject section */

/* Begin PBXResourcesBuildPhase section */
		CDBBF93E20800AEE00836135 /* Resources */ = {
			isa = PBXResourcesBuildPhase;
			buildActionMask = 2147483647;
			files = (
				CDBBF95020800AEE00836135 /* LaunchScreen.storyboard in Resources */,
				CDBBF96620801D5300836135 /* PhotosCollectionViewCell.xib in Resources */,
				CDBBF94D20800AEE00836135 /* Assets.xcassets in Resources */,
				CDCB149720848CB500A060D4 /* PhotoViewController.xib in Resources */,
				CDBBF94B20800AEE00836135 /* Main.storyboard in Resources */,
				CDBBF96020800BBE00836135 /* PhotosCollectionViewController.xib in Resources */,
			);
			runOnlyForDeploymentPostprocessing = 0;
		};
/* End PBXResourcesBuildPhase section */

/* Begin PBXSourcesBuildPhase section */
		CDBBF93C20800AEE00836135 /* Sources */ = {
			isa = PBXSourcesBuildPhase;
			buildActionMask = 2147483647;
			files = (
				CDBBF94820800AEE00836135 /* ViewController.m in Sources */,
				CDBBF96520801D5300836135 /* PhotosCollectionViewCell.m in Sources */,
				CDCB14922083D86D00A060D4 /* CachedImageView.m in Sources */,
				CDBBF95320800AEE00836135 /* main.m in Sources */,
				CDCB148B208156AB00A060D4 /* Album.m in Sources */,
				CDBBF95F20800BBE00836135 /* PhotosCollectionViewController.m in Sources */,
				CDCB149620848CB500A060D4 /* PhotoViewController.m in Sources */,
				CDCB148F208156FA00A060D4 /* Service.m in Sources */,
				CDBBF94520800AEE00836135 /* AppDelegate.m in Sources */,
			);
			runOnlyForDeploymentPostprocessing = 0;
		};
/* End PBXSourcesBuildPhase section */

/* Begin PBXVariantGroup section */
		CDBBF94920800AEE00836135 /* Main.storyboard */ = {
			isa = PBXVariantGroup;
			children = (
				CDBBF94A20800AEE00836135 /* Base */,
			);
			name = Main.storyboard;
			sourceTree = "<group>";
		};
		CDBBF94E20800AEE00836135 /* LaunchScreen.storyboard */ = {
			isa = PBXVariantGroup;
			children = (
				CDBBF94F20800AEE00836135 /* Base */,
			);
			name = LaunchScreen.storyboard;
			sourceTree = "<group>";
		};
/* End PBXVariantGroup section */

/* Begin XCBuildConfiguration section */
		CDBBF95420800AEE00836135 /* Debug */ = {
			isa = XCBuildConfiguration;
			buildSettings = {
				ALWAYS_SEARCH_USER_PATHS = NO;
				CLANG_ANALYZER_NONNULL = YES;
				CLANG_ANALYZER_NUMBER_OBJECT_CONVERSION = YES_AGGRESSIVE;
				CLANG_CXX_LANGUAGE_STANDARD = "gnu++14";
				CLANG_CXX_LIBRARY = "libc++";
				CLANG_ENABLE_MODULES = YES;
				CLANG_ENABLE_OBJC_ARC = YES;
				CLANG_WARN_BLOCK_CAPTURE_AUTORELEASING = YES;
				CLANG_WARN_BOOL_CONVERSION = YES;
				CLANG_WARN_COMMA = YES;
				CLANG_WARN_CONSTANT_CONVERSION = YES;
				CLANG_WARN_DIRECT_OBJC_ISA_USAGE = YES_ERROR;
				CLANG_WARN_DOCUMENTATION_COMMENTS = YES;
				CLANG_WARN_EMPTY_BODY = YES;
				CLANG_WARN_ENUM_CONVERSION = YES;
				CLANG_WARN_INFINITE_RECURSION = YES;
				CLANG_WARN_INT_CONVERSION = YES;
				CLANG_WARN_NON_LITERAL_NULL_CONVERSION = YES;
				CLANG_WARN_OBJC_LITERAL_CONVERSION = YES;
				CLANG_WARN_OBJC_ROOT_CLASS = YES_ERROR;
				CLANG_WARN_RANGE_LOOP_ANALYSIS = YES;
				CLANG_WARN_STRICT_PROTOTYPES = YES;
				CLANG_WARN_SUSPICIOUS_MOVE = YES;
				CLANG_WARN_UNGUARDED_AVAILABILITY = YES_AGGRESSIVE;
				CLANG_WARN_UNREACHABLE_CODE = YES;
				CLANG_WARN__DUPLICATE_METHOD_MATCH = YES;
				CODE_SIGN_IDENTITY = "iPhone Developer";
				COPY_PHASE_STRIP = NO;
				DEBUG_INFORMATION_FORMAT = dwarf;
				ENABLE_STRICT_OBJC_MSGSEND = YES;
				ENABLE_TESTABILITY = YES;
				GCC_C_LANGUAGE_STANDARD = gnu11;
				GCC_DYNAMIC_NO_PIC = NO;
				GCC_NO_COMMON_BLOCKS = YES;
				GCC_OPTIMIZATION_LEVEL = 0;
				GCC_PREPROCESSOR_DEFINITIONS = (
					"DEBUG=1",
					"$(inherited)",
				);
				GCC_WARN_64_TO_32_BIT_CONVERSION = YES;
				GCC_WARN_ABOUT_RETURN_TYPE = YES_ERROR;
				GCC_WARN_UNDECLARED_SELECTOR = YES;
				GCC_WARN_UNINITIALIZED_AUTOS = YES_AGGRESSIVE;
				GCC_WARN_UNUSED_FUNCTION = YES;
				GCC_WARN_UNUSED_VARIABLE = YES;
				IPHONEOS_DEPLOYMENT_TARGET = 11.2;
				MTL_ENABLE_DEBUG_INFO = YES;
				ONLY_ACTIVE_ARCH = YES;
				SDKROOT = iphoneos;
			};
			name = Debug;
		};
		CDBBF95520800AEE00836135 /* Release */ = {
			isa = XCBuildConfiguration;
			buildSettings = {
				ALWAYS_SEARCH_USER_PATHS = NO;
				CLANG_ANALYZER_NONNULL = YES;
				CLANG_ANALYZER_NUMBER_OBJECT_CONVERSION = YES_AGGRESSIVE;
				CLANG_CXX_LANGUAGE_STANDARD = "gnu++14";
				CLANG_CXX_LIBRARY = "libc++";
				CLANG_ENABLE_MODULES = YES;
				CLANG_ENABLE_OBJC_ARC = YES;
				CLANG_WARN_BLOCK_CAPTURE_AUTORELEASING = YES;
				CLANG_WARN_BOOL_CONVERSION = YES;
				CLANG_WARN_COMMA = YES;
				CLANG_WARN_CONSTANT_CONVERSION = YES;
				CLANG_WARN_DIRECT_OBJC_ISA_USAGE = YES_ERROR;
				CLANG_WARN_DOCUMENTATION_COMMENTS = YES;
				CLANG_WARN_EMPTY_BODY = YES;
				CLANG_WARN_ENUM_CONVERSION = YES;
				CLANG_WARN_INFINITE_RECURSION = YES;
				CLANG_WARN_INT_CONVERSION = YES;
				CLANG_WARN_NON_LITERAL_NULL_CONVERSION = YES;
				CLANG_WARN_OBJC_LITERAL_CONVERSION = YES;
				CLANG_WARN_OBJC_ROOT_CLASS = YES_ERROR;
				CLANG_WARN_RANGE_LOOP_ANALYSIS = YES;
				CLANG_WARN_STRICT_PROTOTYPES = YES;
				CLANG_WARN_SUSPICIOUS_MOVE = YES;
				CLANG_WARN_UNGUARDED_AVAILABILITY = YES_AGGRESSIVE;
				CLANG_WARN_UNREACHABLE_CODE = YES;
				CLANG_WARN__DUPLICATE_METHOD_MATCH = YES;
				CODE_SIGN_IDENTITY = "iPhone Developer";
				COPY_PHASE_STRIP = NO;
				DEBUG_INFORMATION_FORMAT = "dwarf-with-dsym";
				ENABLE_NS_ASSERTIONS = NO;
				ENABLE_STRICT_OBJC_MSGSEND = YES;
				GCC_C_LANGUAGE_STANDARD = gnu11;
				GCC_NO_COMMON_BLOCKS = YES;
				GCC_WARN_64_TO_32_BIT_CONVERSION = YES;
				GCC_WARN_ABOUT_RETURN_TYPE = YES_ERROR;
				GCC_WARN_UNDECLARED_SELECTOR = YES;
				GCC_WARN_UNINITIALIZED_AUTOS = YES_AGGRESSIVE;
				GCC_WARN_UNUSED_FUNCTION = YES;
				GCC_WARN_UNUSED_VARIABLE = YES;
				IPHONEOS_DEPLOYMENT_TARGET = 11.2;
				MTL_ENABLE_DEBUG_INFO = NO;
				SDKROOT = iphoneos;
				VALIDATE_PRODUCT = YES;
			};
			name = Release;
		};
		CDBBF95720800AEE00836135 /* Debug */ = {
			isa = XCBuildConfiguration;
			buildSettings = {
				ASSETCATALOG_COMPILER_APPICON_NAME = AppIcon;
				CODE_SIGN_STYLE = Automatic;
				DEVELOPMENT_TEAM = 8R3688592C;
				INFOPLIST_FILE = PhotosApp/Info.plist;
				LD_RUNPATH_SEARCH_PATHS = "$(inherited) @executable_path/Frameworks";
				PRODUCT_BUNDLE_IDENTIFIER = com.apps.PhotosApp;
				PRODUCT_NAME = "$(TARGET_NAME)";
				TARGETED_DEVICE_FAMILY = "1,2";
			};
			name = Debug;
		};
		CDBBF95820800AEE00836135 /* Release */ = {
			isa = XCBuildConfiguration;
			buildSettings = {
				ASSETCATALOG_COMPILER_APPICON_NAME = AppIcon;
				CODE_SIGN_STYLE = Automatic;
				DEVELOPMENT_TEAM = 8R3688592C;
				INFOPLIST_FILE = PhotosApp/Info.plist;
				LD_RUNPATH_SEARCH_PATHS = "$(inherited) @executable_path/Frameworks";
				PRODUCT_BUNDLE_IDENTIFIER = com.apps.PhotosApp;
				PRODUCT_NAME = "$(TARGET_NAME)";
				TARGETED_DEVICE_FAMILY = "1,2";
			};
			name = Release;
		};
/* End XCBuildConfiguration section */

/* Begin XCConfigurationList section */
		CDBBF93B20800AEE00836135 /* Build configuration list for PBXProject "PhotosApp" */ = {
			isa = XCConfigurationList;
			buildConfigurations = (
				CDBBF95420800AEE00836135 /* Debug */,
				CDBBF95520800AEE00836135 /* Release */,
			);
			defaultConfigurationIsVisible = 0;
			defaultConfigurationName = Release;
		};
		CDBBF95620800AEE00836135 /* Build configuration list for PBXNativeTarget "PhotosApp" */ = {
			isa = XCConfigurationList;
			buildConfigurations = (
				CDBBF95720800AEE00836135 /* Debug */,
				CDBBF95820800AEE00836135 /* Release */,
			);
			defaultConfigurationIsVisible = 0;
			defaultConfigurationName = Release;
		};
/* End XCConfigurationList section */
	};
	rootObject = CDBBF93820800AEE00836135 /* Project object */;
}
